
Microsoft Visual Studio Solution File, Format Version 12.00
# Visual Studio 2013
VisualStudioVersion = 12.0.21005.1
MinimumVisualStudioVersion = 10.0.40219.1
Project("{8BC9CEB8-8B4A-11D0-8D11-00A0C91BC942}") = "OGL-SDL_Template", "OGL-SDL_Template\OGL-SDL_Template.vcxproj", "{09FE37DC-EED0-46D0-ABA1-25E2839FC73A}"
EndProject
Global
	GlobalSection(SolutionConfigurationPlatforms) = preSolution
		Debug|Win32 = Debug|Win32
		Release|Win32 = Release|Win32
	EndGlobalSection
	GlobalSection(ProjectConfigurationPlatforms) = postSolution
		{09FE37DC-EED0-46D0-ABA1-25E2839FC73A}.Debug|Win32.ActiveCfg = Debug|Win32
		{09FE37DC-EED0-46D0-ABA1-25E2839FC73A}.Debug|Win32.Build.0 = Debug|Win32
		{09FE37DC-EED0-46D0-ABA1-25E2839FC73A}.Release|Win32.ActiveCfg = Release|Win32
		{09FE37DC-EED0-46D0-ABA1-25E2839FC73A}.Release|Win32.Build.0 = Release|Win32
	EndGlobalSection
	GlobalSection(SolutionProperties) = preSolution
		HideSolutionNode = FALSE
	EndGlobalSection
EndGlobal
