<?xml version="1.0" encoding="utf-8"?>
<Project ToolsVersion="4.0" xmlns="http://schemas.microsoft.com/developer/msbuild/2003">
  <ItemGroup>
    <Filter Include="Archivos de código fuente">
      <UniqueIdentifier>{4FC737F1-C7A5-4376-A066-2A32D752A2FF}</UniqueIdentifier>
      <Extensions>cpp;c;cc;cxx;def;odl;idl;hpj;bat;asm;asmx</Extensions>
    </Filter>
    <Filter Include="Archivos de encabezado">
      <UniqueIdentifier>{93995380-89BD-4b04-88EB-625FBE52EBFB}</UniqueIdentifier>
      <Extensions>h;hh;hpp;hxx;hm;inl;inc;xsd</Extensions>
    </Filter>
    <Filter Include="Archivos de recursos">
      <UniqueIdentifier>{67DA6AB6-F800-4c08-8B7A-83BB121AAD01}</UniqueIdentifier>
      <Extensions>rc;ico;cur;bmp;dlg;rc2;rct;bin;rgs;gif;jpg;jpeg;jpe;resx;tiff;tif;png;wav;mfcribbon-ms</Extensions>
    </Filter>
    <Filter Include="shaders">
      <UniqueIdentifier>{95806828-80c6-40ca-bea4-c34f8296106f}</UniqueIdentifier>
    </Filter>
    <Filter Include="Archivos de encabezado\common">
      <UniqueIdentifier>{c3fed588-550c-4a8a-a59e-fb2d36b0360c}</UniqueIdentifier>
    </Filter>
    <Filter Include="Archivos de código fuente\common">
      <UniqueIdentifier>{9b89abad-1001-4a49-972f-e86a66e0626b}</UniqueIdentifier>
    </Filter>
  </ItemGroup>
  <ItemGroup>
    <ClCompile Include="app\src\main.cpp">
      <Filter>Archivos de código fuente</Filter>
    </ClCompile>
    <ClCompile Include="app\common\gl3w.c">
      <Filter>Archivos de código fuente\common</Filter>
    </ClCompile>
    <ClCompile Include="app\common\LoadShaders.cpp">
      <Filter>Archivos de código fuente\common</Filter>
    </ClCompile>
    <ClCompile Include="app\src\Engine.cpp">
      <Filter>Archivos de código fuente</Filter>
    </ClCompile>
    <ClCompile Include="app\src\CameraFPS.cpp">
      <Filter>Archivos de código fuente</Filter>
    </ClCompile>
    <ClCompile Include="app\common\Logger.cpp">
      <Filter>Archivos de código fuente</Filter>
    </ClCompile>
    <ClCompile Include="app\src\mesh\Mesh.cpp">
      <Filter>Archivos de código fuente</Filter>
    </ClCompile>
    <ClCompile Include="app\src\mesh\ObjLoader.cpp">
      <Filter>Archivos de código fuente</Filter>
    </ClCompile>
    <ClCompile Include="app\src\mesh\ObjToMesh.cpp">
      <Filter>Archivos de código fuente</Filter>
    </ClCompile>
    <ClCompile Include="app\common\common.cpp">
      <Filter>Archivos de código fuente</Filter>
    </ClCompile>
    <ClCompile Include="app\src\ScatteringScene.cpp">
      <Filter>Archivos de código fuente</Filter>
    </ClCompile>
  </ItemGroup>
  <ItemGroup>
    <ClInclude Include="app\common\vmath.h">
      <Filter>Archivos de encabezado\common</Filter>
    </ClInclude>
    <ClInclude Include="app\common\common.h">
      <Filter>Archivos de encabezado\common</Filter>
    </ClInclude>
    <ClInclude Include="app\common\infoManager.h">
      <Filter>Archivos de encabezado\common</Filter>
    </ClInclude>
    <ClInclude Include="app\common\LoadShaders.h">
      <Filter>Archivos de encabezado\common</Filter>
    </ClInclude>
    <ClInclude Include="app\src\Engine.h">
      <Filter>Archivos de encabezado</Filter>
    </ClInclude>
    <ClInclude Include="app\src\CameraFPS.h">
      <Filter>Archivos de encabezado</Filter>
    </ClInclude>
    <ClInclude Include="app\src\Shader.h">
      <Filter>Archivos de encabezado</Filter>
    </ClInclude>
    <ClInclude Include="app\src\Scene.h">
      <Filter>Archivos de encabezado</Filter>
    </ClInclude>
    <ClInclude Include="app\common\Logger.h">
      <Filter>Archivos de encabezado</Filter>
    </ClInclude>
    <ClInclude Include="app\src\mesh\Mesh.h">
      <Filter>Archivos de encabezado</Filter>
    </ClInclude>
    <ClInclude Include="app\src\mesh\ObjLoader.h">
      <Filter>Archivos de encabezado</Filter>
    </ClInclude>
    <ClInclude Include="app\src\mesh\ObjToMesh.h">
      <Filter>Archivos de encabezado</Filter>
    </ClInclude>
    <ClInclude Include="app\src\mesh\MountainTextureFactory.h">
      <Filter>Archivos de encabezado</Filter>
    </ClInclude>
    <ClInclude Include="app\src\ScatteringScene.h">
      <Filter>Archivos de encabezado</Filter>
    </ClInclude>
  </ItemGroup>
  <ItemGroup>
    <None Include="app\shaders\fog.fs.glsl">
      <Filter>shaders</Filter>
    </None>
    <None Include="app\shaders\geometry_instancingA.vs.glsl">
      <Filter>shaders</Filter>
    </None>
    <None Include="app\shaders\geometry_instancingB.vs.glsl">
      <Filter>shaders</Filter>
    </None>
    <None Include="app\shaders\simple.fs.glsl">
      <Filter>shaders</Filter>
    </None>
    <None Include="app\shaders\gouraud.frag" />
    <None Include="app\shaders\gouraud.vert" />
    <None Include="app\shaders\texture.fs.glsl" />
    <None Include="app\shaders\texture.vs.glsl" />
    <None Include="app\shaders\scattering.fs.glsl" />
    <None Include="app\shaders\scattering.vs.glsl" />
    <None Include="app\shaders\new.vs.glsl" />
  </ItemGroup>
</Project>